// !$*UTF8*$!
{
	archiveVersion = 1;
	classes = {
	};
	objectVersion = 46;
	objects = {

/* Begin PBXBuildFile section */
		460C952319EB72BA0019C496 /* main.cpp in Sources */ = {isa = PBXBuildFile; fileRef = 460C952219EB72BA0019C496 /* main.cpp */; };
		460C952A19EB73510019C496 /* GLUT.framework in Frameworks */ = {isa = PBXBuildFile; fileRef = 460C952919EB73510019C496 /* GLUT.framework */; };
		460C952C19EB73560019C496 /* OpenGL.framework in Frameworks */ = {isa = PBXBuildFile; fileRef = 460C952B19EB73560019C496 /* OpenGL.framework */; };
		460C952E19EB74A90019C496 /* Cocoa.framework in Frameworks */ = {isa = PBXBuildFile; fileRef = 460C952D19EB74A90019C496 /* Cocoa.framework */; };
		4675C2D71A1D455E00A12D1F /* vertex.cpp in Sources */ = {isa = PBXBuildFile; fileRef = 4675C2D51A1D455E00A12D1F /* vertex.cpp */; };
		46E049A31A19430500C96E41 /* libSoil.a in Frameworks */ = {isa = PBXBuildFile; fileRef = 46E049A21A19430500C96E41 /* libSoil.a */; };
/* End PBXBuildFile section */

/* Begin PBXCopyFilesBuildPhase section */
		460C951D19EB72BA0019C496 /* CopyFiles */ = {
			isa = PBXCopyFilesBuildPhase;
			buildActionMask = 2147483647;
			dstPath = /usr/share/man/man1/;
			dstSubfolderSpec = 0;
			files = (
			);
			runOnlyForDeploymentPostprocessing = 1;
		};
/* End PBXCopyFilesBuildPhase section */

/* Begin PBXFileReference section */
		460C951F19EB72BA0019C496 /* GraphicsDemo */ = {isa = PBXFileReference; explicitFileType = "compiled.mach-o.executable"; includeInIndex = 0; path = GraphicsDemo; sourceTree = BUILT_PRODUCTS_DIR; };
		460C952219EB72BA0019C496 /* main.cpp */ = {isa = PBXFileReference; lastKnownFileType = sourcecode.cpp.cpp; path = main.cpp; sourceTree = "<group>"; };
		460C952919EB73510019C496 /* GLUT.framework */ = {isa = PBXFileReference; lastKnownFileType = wrapper.framework; name = GLUT.framework; path = System/Library/Frameworks/GLUT.framework; sourceTree = SDKROOT; };
		460C952B19EB73560019C496 /* OpenGL.framework */ = {isa = PBXFileReference; lastKnownFileType = wrapper.framework; name = OpenGL.framework; path = System/Library/Frameworks/OpenGL.framework; sourceTree = SDKROOT; };
		460C952D19EB74A90019C496 /* Cocoa.framework */ = {isa = PBXFileReference; lastKnownFileType = wrapper.framework; name = Cocoa.framework; path = System/Library/Frameworks/Cocoa.framework; sourceTree = SDKROOT; };
		4675C2D51A1D455E00A12D1F /* vertex.cpp */ = {isa = PBXFileReference; fileEncoding = 4; lastKnownFileType = sourcecode.cpp.cpp; path = vertex.cpp; sourceTree = "<group>"; };
		4675C2D61A1D455E00A12D1F /* vertex.h */ = {isa = PBXFileReference; fileEncoding = 4; lastKnownFileType = sourcecode.c.h; path = vertex.h; sourceTree = "<group>"; };
		46E049A21A19430500C96E41 /* libSoil.a */ = {isa = PBXFileReference; lastKnownFileType = archive.ar; path = libSoil.a; sourceTree = "<group>"; };
		46E049A41A19434600C96E41 /* SOIL.h */ = {isa = PBXFileReference; fileEncoding = 4; lastKnownFileType = sourcecode.c.h; path = SOIL.h; sourceTree = "<group>"; };
/* End PBXFileReference section */

/* Begin PBXFrameworksBuildPhase section */
		460C951C19EB72BA0019C496 /* Frameworks */ = {
			isa = PBXFrameworksBuildPhase;
			buildActionMask = 2147483647;
			files = (
				46E049A31A19430500C96E41 /* libSoil.a in Frameworks */,
				460C952E19EB74A90019C496 /* Cocoa.framework in Frameworks */,
				460C952C19EB73560019C496 /* OpenGL.framework in Frameworks */,
				460C952A19EB73510019C496 /* GLUT.framework in Frameworks */,
			);
			runOnlyForDeploymentPostprocessing = 0;
		};
/* End PBXFrameworksBuildPhase section */

/* Begin PBXGroup section */
		460C951619EB72BA0019C496 = {
			isa = PBXGroup;
			children = (
				460C952D19EB74A90019C496 /* Cocoa.framework */,
				460C952B19EB73560019C496 /* OpenGL.framework */,
				460C952919EB73510019C496 /* GLUT.framework */,
				460C952119EB72BA0019C496 /* CS180Homework */,
				460C952019EB72BA0019C496 /* Products */,
			);
			sourceTree = "<group>";
		};
		460C952019EB72BA0019C496 /* Products */ = {
			isa = PBXGroup;
			children = (
				460C951F19EB72BA0019C496 /* GraphicsDemo */,
			);
			name = Products;
			sourceTree = "<group>";
		};
		460C952119EB72BA0019C496 /* CS180Homework */ = {
			isa = PBXGroup;
			children = (
				46E049A21A19430500C96E41 /* libSoil.a */,
				46E049A41A19434600C96E41 /* SOIL.h */,
				460C952219EB72BA0019C496 /* main.cpp */,
				4675C2D51A1D455E00A12D1F /* vertex.cpp */,
				4675C2D61A1D455E00A12D1F /* vertex.h */,
			);
			path = CS180Homework;
			sourceTree = "<group>";
		};
/* End PBXGroup section */

/* Begin PBXNativeTarget section */
		460C951E19EB72BA0019C496 /* GraphicsDemo */ = {
			isa = PBXNativeTarget;
			buildConfigurationList = 460C952619EB72BA0019C496 /* Build configuration list for PBXNativeTarget "GraphicsDemo" */;
			buildPhases = (
				460C951B19EB72BA0019C496 /* Sources */,
				460C951C19EB72BA0019C496 /* Frameworks */,
				460C951D19EB72BA0019C496 /* CopyFiles */,
			);
			buildRules = (
			);
			dependencies = (
			);
			name = GraphicsDemo;
			productName = CS180Homework;
			productReference = 460C951F19EB72BA0019C496 /* GraphicsDemo */;
			productType = "com.apple.product-type.tool";
		};
/* End PBXNativeTarget section */

/* Begin PBXProject section */
		460C951719EB72BA0019C496 /* Project object */ = {
			isa = PBXProject;
			attributes = {
				LastUpgradeCheck = 0600;
				ORGANIZATIONNAME = JHughes;
				TargetAttributes = {
					460C951E19EB72BA0019C496 = {
						CreatedOnToolsVersion = 6.0.1;
					};
				};
			};
			buildConfigurationList = 460C951A19EB72BA0019C496 /* Build configuration list for PBXProject "GraphicsDemo" */;
			compatibilityVersion = "Xcode 3.2";
			developmentRegion = English;
			hasScannedForEncodings = 0;
			knownRegions = (
				en,
			);
			mainGroup = 460C951619EB72BA0019C496;
			productRefGroup = 460C952019EB72BA0019C496 /* Products */;
			projectDirPath = "";
			projectRoot = "";
			targets = (
				460C951E19EB72BA0019C496 /* GraphicsDemo */,
			);
		};
/* End PBXProject section */

/* Begin PBXSourcesBuildPhase section */
		460C951B19EB72BA0019C496 /* Sources */ = {
			isa = PBXSourcesBuildPhase;
			buildActionMask = 2147483647;
			files = (
				4675C2D71A1D455E00A12D1F /* vertex.cpp in Sources */,
				460C952319EB72BA0019C496 /* main.cpp in Sources */,
			);
			runOnlyForDeploymentPostprocessing = 0;
		};
/* End PBXSourcesBuildPhase section */

/* Begin XCBuildConfiguration section */
		460C952419EB72BA0019C496 /* Debug */ = {
			isa = XCBuildConfiguration;
			buildSettings = {
				ALWAYS_SEARCH_USER_PATHS = NO;
				CLANG_CXX_LANGUAGE_STANDARD = "gnu++0x";
				CLANG_CXX_LIBRARY = "libc++";
				CLANG_ENABLE_MODULES = YES;
				CLANG_ENABLE_OBJC_ARC = YES;
				CLANG_WARN_BOOL_CONVERSION = YES;
				CLANG_WARN_CONSTANT_CONVERSION = YES;
				CLANG_WARN_DIRECT_OBJC_ISA_USAGE = YES_ERROR;
				CLANG_WARN_EMPTY_BODY = YES;
				CLANG_WARN_ENUM_CONVERSION = YES;
				CLANG_WARN_INT_CONVERSION = YES;
				CLANG_WARN_OBJC_ROOT_CLASS = YES_ERROR;
				CLANG_WARN_UNREACHABLE_CODE = YES;
				CLANG_WARN__DUPLICATE_METHOD_MATCH = YES;
				COPY_PHASE_STRIP = NO;
				ENABLE_STRICT_OBJC_MSGSEND = YES;
				GCC_C_LANGUAGE_STANDARD = gnu99;
				GCC_DYNAMIC_NO_PIC = NO;
				GCC_OPTIMIZATION_LEVEL = 0;
				GCC_PREPROCESSOR_DEFINITIONS = (
					"DEBUG=1",
					"$(inherited)",
				);
				GCC_SYMBOLS_PRIVATE_EXTERN = NO;
				GCC_WARN_64_TO_32_BIT_CONVERSION = YES;
				GCC_WARN_ABOUT_RETURN_TYPE = YES_ERROR;
				GCC_WARN_UNDECLARED_SELECTOR = YES;
				GCC_WARN_UNINITIALIZED_AUTOS = YES_AGGRESSIVE;
				GCC_WARN_UNUSED_FUNCTION = YES;
				GCC_WARN_UNUSED_VARIABLE = YES;
				MACOSX_DEPLOYMENT_TARGET = 10.9;
				MTL_ENABLE_DEBUG_INFO = YES;
				ONLY_ACTIVE_ARCH = YES;
				SDKROOT = macosx;
			};
			name = Debug;
		};
		460C952519EB72BA0019C496 /* Release */ = {
			isa = XCBuildConfiguration;
			buildSettings = {
				ALWAYS_SEARCH_USER_PATHS = NO;
				CLANG_CXX_LANGUAGE_STANDARD = "gnu++0x";
				CLANG_CXX_LIBRARY = "libc++";
				CLANG_ENABLE_MODULES = YES;
				CLANG_ENABLE_OBJC_ARC = YES;
				CLANG_WARN_BOOL_CONVERSION = YES;
				CLANG_WARN_CONSTANT_CONVERSION = YES;
				CLANG_WARN_DIRECT_OBJC_ISA_USAGE = YES_ERROR;
				CLANG_WARN_EMPTY_BODY = YES;
				CLANG_WARN_ENUM_CONVERSION = YES;
				CLANG_WARN_INT_CONVERSION = YES;
				CLANG_WARN_OBJC_ROOT_CLASS = YES_ERROR;
				CLANG_WARN_UNREACHABLE_CODE = YES;
				CLANG_WARN__DUPLICATE_METHOD_MATCH = YES;
				COPY_PHASE_STRIP = YES;
				DEBUG_INFORMATION_FORMAT = "dwarf-with-dsym";
				ENABLE_NS_ASSERTIONS = NO;
				ENABLE_STRICT_OBJC_MSGSEND = YES;
				GCC_C_LANGUAGE_STANDARD = gnu99;
				GCC_WARN_64_TO_32_BIT_CONVERSION = YES;
				GCC_WARN_ABOUT_RETURN_TYPE = YES_ERROR;
				GCC_WARN_UNDECLARED_SELECTOR = YES;
				GCC_WARN_UNINITIALIZED_AUTOS = YES_AGGRESSIVE;
				GCC_WARN_UNUSED_FUNCTION = YES;
				GCC_WARN_UNUSED_VARIABLE = YES;
				MACOSX_DEPLOYMENT_TARGET = 10.9;
				MTL_ENABLE_DEBUG_INFO = NO;
				SDKROOT = macosx;
			};
			name = Release;
		};
		460C952719EB72BA0019C496 /* Debug */ = {
			isa = XCBuildConfiguration;
			buildSettings = {
				LIBRARY_SEARCH_PATHS = (
					"$(inherited)",
					/Users/jhughes/Downloads/Simple,
					OpenGL,
					Image,
					Library/lib,
					"$(PROJECT_DIR)/CS180Homework",
				);
				PRODUCT_NAME = GraphicsDemo;
			};
			name = Debug;
		};
		460C952819EB72BA0019C496 /* Release */ = {
			isa = XCBuildConfiguration;
			buildSettings = {
				LIBRARY_SEARCH_PATHS = (
					"$(inherited)",
					/Users/jhughes/Downloads/Simple,
					OpenGL,
					Image,
					Library/lib,
					"$(PROJECT_DIR)/CS180Homework",
				);
				PRODUCT_NAME = GraphicsDemo;
			};
			name = Release;
		};
/* End XCBuildConfiguration section */

/* Begin XCConfigurationList section */
		460C951A19EB72BA0019C496 /* Build configuration list for PBXProject "GraphicsDemo" */ = {
			isa = XCConfigurationList;
			buildConfigurations = (
				460C952419EB72BA0019C496 /* Debug */,
				460C952519EB72BA0019C496 /* Release */,
			);
			defaultConfigurationIsVisible = 0;
			defaultConfigurationName = Release;
		};
		460C952619EB72BA0019C496 /* Build configuration list for PBXNativeTarget "GraphicsDemo" */ = {
			isa = XCConfigurationList;
			buildConfigurations = (
				460C952719EB72BA0019C496 /* Debug */,
				460C952819EB72BA0019C496 /* Release */,
			);
			defaultConfigurationIsVisible = 0;
			defaultConfigurationName = Release;
		};
/* End XCConfigurationList section */
	};
	rootObject = 460C951719EB72BA0019C496 /* Project object */;
}
